
Microsoft Visual Studio Solution File, Format Version 12.00
# Visual Studio for Mac
Project("{FAE04EC0-301F-11D3-BF4B-00C04F79EFBC}") = "Microsoft.MixedReality.Toolkit.Providers.OpenVR", "Microsoft.MixedReality.Toolkit.Providers.OpenVR.csproj", "{5752DE81-AE11-7CB1-F944-B9088A185B88}"
EndProject
Project("{FAE04EC0-301F-11D3-BF4B-00C04F79EFBC}") = "Microsoft.MixedReality.Toolkit", "Microsoft.MixedReality.Toolkit.csproj", "{379D3B06-F1C3-DC4B-0088-23AA450F510B}"
EndProject
Project("{FAE04EC0-301F-11D3-BF4B-00C04F79EFBC}") = "Microsoft.MixedReality.Toolkit.Services.SpatialAwarenessSystem", "Microsoft.MixedReality.Toolkit.Services.SpatialAwarenessSystem.csproj", "{8DF19EDF-871A-26C4-642C-4FECB3DAB9BB}"
EndProject
Project("{FAE04EC0-301F-11D3-BF4B-00C04F79EFBC}") = "Microsoft.MixedReality.Toolkit.SDK", "Microsoft.MixedReality.Toolkit.SDK.csproj", "{07F6E849-A4B2-9085-32EA-272B8619DF86}"
EndProject
Project("{FAE04EC0-301F-11D3-BF4B-00C04F79EFBC}") = "Microsoft.MixedReality.Toolkit.Services.InputSystem", "Microsoft.MixedReality.Toolkit.Services.InputSystem.csproj", "{D0945906-A380-2E4E-144B-A77ADD5167F2}"
EndProject
Project("{FAE04EC0-301F-11D3-BF4B-00C04F79EFBC}") = "Microsoft.MixedReality.Toolkit.Services.DiagnosticsSystem", "Microsoft.MixedReality.Toolkit.Services.DiagnosticsSystem.csproj", "{275EAEFD-6EEF-3A83-E13C-B5490F509C92}"
EndProject
Project("{FAE04EC0-301F-11D3-BF4B-00C04F79EFBC}") = "MixedRealityToolkit.Examples.Demos.Utilities.InspectorFields", "MixedRealityToolkit.Examples.Demos.Utilities.InspectorFields.csproj", "{26D29F5D-1954-8BB7-1A27-95298DD875E3}"
EndProject
Project("{FAE04EC0-301F-11D3-BF4B-00C04F79EFBC}") = "Microsoft.MixedReality.Toolkit.Core.Utilities.Async", "Microsoft.MixedReality.Toolkit.Core.Utilities.Async.csproj", "{03B9B39C-E057-A61F-67FC-4E05A619302E}"
EndProject
Project("{FAE04EC0-301F-11D3-BF4B-00C04F79EFBC}") = "Microsoft.MixedReality.Toolkit.Examples", "Microsoft.MixedReality.Toolkit.Examples.csproj", "{ADF649D2-3D39-A383-DE05-3AF661072E04}"
EndProject
Project("{FAE04EC0-301F-11D3-BF4B-00C04F79EFBC}") = "Microsoft.MixedReality.Toolkit.Providers.WindowsMixedReality", "Microsoft.MixedReality.Toolkit.Providers.WindowsMixedReality.csproj", "{7E8E411E-DDDA-269E-4CCE-7BA5755E4495}"
EndProject
Project("{FAE04EC0-301F-11D3-BF4B-00C04F79EFBC}") = "Microsoft.MixedReality.Toolkit.Providers.WindowsVoiceInput", "Microsoft.MixedReality.Toolkit.Providers.WindowsVoiceInput.csproj", "{6AF6DBF3-21D8-FC97-BDC5-E12B277E468F}"
EndProject
Project("{FAE04EC0-301F-11D3-BF4B-00C04F79EFBC}") = "Microsoft.MixedReality.Toolkit.Services.TeleportSystem", "Microsoft.MixedReality.Toolkit.Services.TeleportSystem.csproj", "{F5D2BCAA-9025-BF9A-1AF0-0B1D70CB43BA}"
EndProject
Project("{FAE04EC0-301F-11D3-BF4B-00C04F79EFBC}") = "Microsoft.MixedReality.Toolkit.Services.BoundarySystem", "Microsoft.MixedReality.Toolkit.Services.BoundarySystem.csproj", "{C1B1E6D3-D037-5833-6619-5B1B6E12DC8F}"
EndProject
Project("{FAE04EC0-301F-11D3-BF4B-00C04F79EFBC}") = "MixedRealityToolkit-Examples.Demos.UX.Interactables", "MixedRealityToolkit-Examples.Demos.UX.Interactables.csproj", "{FCA1E917-570F-7ECF-51A2-9FA64F14145F}"
EndProject
Project("{FAE04EC0-301F-11D3-BF4B-00C04F79EFBC}") = "Microsoft.MixedReality.Toolkit.SDK.Inspectors", "Microsoft.MixedReality.Toolkit.SDK.Inspectors.csproj", "{F52100FE-F250-0FD5-09E4-63C978E1BF4C}"
EndProject
Project("{FAE04EC0-301F-11D3-BF4B-00C04F79EFBC}") = "Microsoft.MixedReality.Toolkit.Core.Inspectors", "Microsoft.MixedReality.Toolkit.Core.Inspectors.csproj", "{A90D96A3-59A9-B02D-9D96-23E61D011412}"
EndProject
Project("{FAE04EC0-301F-11D3-BF4B-00C04F79EFBC}") = "MixedRealityToolkit-Examples.Demos.Utilities.InspectorFields.Inspectors", "MixedRealityToolkit-Examples.Demos.Utilities.InspectorFields.Inspectors.csproj", "{D6503FE3-6CFE-6D47-9E7F-517055F53F12}"
EndProject
Project("{FAE04EC0-301F-11D3-BF4B-00C04F79EFBC}") = "Microsoft.MixedReality.Toolkit.Tests", "Microsoft.MixedReality.Toolkit.Tests.csproj", "{126686FA-2538-91D7-4B6E-33EAB09373C9}"
EndProject
Project("{FAE04EC0-301F-11D3-BF4B-00C04F79EFBC}") = "Microsoft.MixedReality.Toolkit.Core.Utilities.Editor", "Microsoft.MixedReality.Toolkit.Core.Utilities.Editor.csproj", "{0CFF84E8-1468-968C-BB8F-EEE32DADC0FB}"
EndProject
Project("{FAE04EC0-301F-11D3-BF4B-00C04F79EFBC}") = "Microsoft.MixedReality.Toolkit.Core.Build", "Microsoft.MixedReality.Toolkit.Core.Build.csproj", "{A2F7B9E9-A482-4E07-DC45-A8E2C797CE21}"
EndProject
Project("{FAE04EC0-301F-11D3-BF4B-00C04F79EFBC}") = "Microsoft.MixedReality.Toolkit.Core.Definitions.Utilities.Editor", "Microsoft.MixedReality.Toolkit.Core.Definitions.Utilities.Editor.csproj", "{6AE0AE27-1895-3A19-FE6B-7AD9132F221F}"
EndProject
Project("{FAE04EC0-301F-11D3-BF4B-00C04F79EFBC}") = "Microsoft.MixedReality.Toolkit.Examples.Demos.StandardShader.Inspectors", "Microsoft.MixedReality.Toolkit.Examples.Demos.StandardShader.Inspectors.csproj", "{D5943EA9-B1A3-8976-C5A5-97D10B1CF9C2}"
EndProject
Project("{FAE04EC0-301F-11D3-BF4B-00C04F79EFBC}") = "Microsoft.MixedReality.Toolkit.Core.Extensions.EditorClassExtensions", "Microsoft.MixedReality.Toolkit.Core.Extensions.EditorClassExtensions.csproj", "{BCE97DC4-0B4F-D275-E74B-232619034A30}"
EndProject
Global
	GlobalSection(SolutionConfigurationPlatforms) = preSolution
		Debug|Any CPU = Debug|Any CPU
		Release|Any CPU = Release|Any CPU
	EndGlobalSection
	GlobalSection(ProjectConfigurationPlatforms) = postSolution
		{5752DE81-AE11-7CB1-F944-B9088A185B88}.Debug|Any CPU.ActiveCfg = Debug|Any CPU
		{5752DE81-AE11-7CB1-F944-B9088A185B88}.Debug|Any CPU.Build.0 = Debug|Any CPU
		{5752DE81-AE11-7CB1-F944-B9088A185B88}.Release|Any CPU.ActiveCfg = Release|Any CPU
		{5752DE81-AE11-7CB1-F944-B9088A185B88}.Release|Any CPU.Build.0 = Release|Any CPU
		{379D3B06-F1C3-DC4B-0088-23AA450F510B}.Debug|Any CPU.ActiveCfg = Debug|Any CPU
		{379D3B06-F1C3-DC4B-0088-23AA450F510B}.Debug|Any CPU.Build.0 = Debug|Any CPU
		{379D3B06-F1C3-DC4B-0088-23AA450F510B}.Release|Any CPU.ActiveCfg = Release|Any CPU
		{379D3B06-F1C3-DC4B-0088-23AA450F510B}.Release|Any CPU.Build.0 = Release|Any CPU
		{8DF19EDF-871A-26C4-642C-4FECB3DAB9BB}.Debug|Any CPU.ActiveCfg = Debug|Any CPU
		{8DF19EDF-871A-26C4-642C-4FECB3DAB9BB}.Debug|Any CPU.Build.0 = Debug|Any CPU
		{8DF19EDF-871A-26C4-642C-4FECB3DAB9BB}.Release|Any CPU.ActiveCfg = Release|Any CPU
		{8DF19EDF-871A-26C4-642C-4FECB3DAB9BB}.Release|Any CPU.Build.0 = Release|Any CPU
		{07F6E849-A4B2-9085-32EA-272B8619DF86}.Debug|Any CPU.ActiveCfg = Debug|Any CPU
		{07F6E849-A4B2-9085-32EA-272B8619DF86}.Debug|Any CPU.Build.0 = Debug|Any CPU
		{07F6E849-A4B2-9085-32EA-272B8619DF86}.Release|Any CPU.ActiveCfg = Release|Any CPU
		{07F6E849-A4B2-9085-32EA-272B8619DF86}.Release|Any CPU.Build.0 = Release|Any CPU
		{D0945906-A380-2E4E-144B-A77ADD5167F2}.Debug|Any CPU.ActiveCfg = Debug|Any CPU
		{D0945906-A380-2E4E-144B-A77ADD5167F2}.Debug|Any CPU.Build.0 = Debug|Any CPU
		{D0945906-A380-2E4E-144B-A77ADD5167F2}.Release|Any CPU.ActiveCfg = Release|Any CPU
		{D0945906-A380-2E4E-144B-A77ADD5167F2}.Release|Any CPU.Build.0 = Release|Any CPU
		{275EAEFD-6EEF-3A83-E13C-B5490F509C92}.Debug|Any CPU.ActiveCfg = Debug|Any CPU
		{275EAEFD-6EEF-3A83-E13C-B5490F509C92}.Debug|Any CPU.Build.0 = Debug|Any CPU
		{275EAEFD-6EEF-3A83-E13C-B5490F509C92}.Release|Any CPU.ActiveCfg = Release|Any CPU
		{275EAEFD-6EEF-3A83-E13C-B5490F509C92}.Release|Any CPU.Build.0 = Release|Any CPU
		{26D29F5D-1954-8BB7-1A27-95298DD875E3}.Debug|Any CPU.ActiveCfg = Debug|Any CPU
		{26D29F5D-1954-8BB7-1A27-95298DD875E3}.Debug|Any CPU.Build.0 = Debug|Any CPU
		{26D29F5D-1954-8BB7-1A27-95298DD875E3}.Release|Any CPU.ActiveCfg = Release|Any CPU
		{26D29F5D-1954-8BB7-1A27-95298DD875E3}.Release|Any CPU.Build.0 = Release|Any CPU
		{03B9B39C-E057-A61F-67FC-4E05A619302E}.Debug|Any CPU.ActiveCfg = Debug|Any CPU
		{03B9B39C-E057-A61F-67FC-4E05A619302E}.Debug|Any CPU.Build.0 = Debug|Any CPU
		{03B9B39C-E057-A61F-67FC-4E05A619302E}.Release|Any CPU.ActiveCfg = Release|Any CPU
		{03B9B39C-E057-A61F-67FC-4E05A619302E}.Release|Any CPU.Build.0 = Release|Any CPU
		{ADF649D2-3D39-A383-DE05-3AF661072E04}.Debug|Any CPU.ActiveCfg = Debug|Any CPU
		{ADF649D2-3D39-A383-DE05-3AF661072E04}.Debug|Any CPU.Build.0 = Debug|Any CPU
		{ADF649D2-3D39-A383-DE05-3AF661072E04}.Release|Any CPU.ActiveCfg = Release|Any CPU
		{ADF649D2-3D39-A383-DE05-3AF661072E04}.Release|Any CPU.Build.0 = Release|Any CPU
		{7E8E411E-DDDA-269E-4CCE-7BA5755E4495}.Debug|Any CPU.ActiveCfg = Debug|Any CPU
		{7E8E411E-DDDA-269E-4CCE-7BA5755E4495}.Debug|Any CPU.Build.0 = Debug|Any CPU
		{7E8E411E-DDDA-269E-4CCE-7BA5755E4495}.Release|Any CPU.ActiveCfg = Release|Any CPU
		{7E8E411E-DDDA-269E-4CCE-7BA5755E4495}.Release|Any CPU.Build.0 = Release|Any CPU
		{6AF6DBF3-21D8-FC97-BDC5-E12B277E468F}.Debug|Any CPU.ActiveCfg = Debug|Any CPU
		{6AF6DBF3-21D8-FC97-BDC5-E12B277E468F}.Debug|Any CPU.Build.0 = Debug|Any CPU
		{6AF6DBF3-21D8-FC97-BDC5-E12B277E468F}.Release|Any CPU.ActiveCfg = Release|Any CPU
		{6AF6DBF3-21D8-FC97-BDC5-E12B277E468F}.Release|Any CPU.Build.0 = Release|Any CPU
		{F5D2BCAA-9025-BF9A-1AF0-0B1D70CB43BA}.Debug|Any CPU.ActiveCfg = Debug|Any CPU
		{F5D2BCAA-9025-BF9A-1AF0-0B1D70CB43BA}.Debug|Any CPU.Build.0 = Debug|Any CPU
		{F5D2BCAA-9025-BF9A-1AF0-0B1D70CB43BA}.Release|Any CPU.ActiveCfg = Release|Any CPU
		{F5D2BCAA-9025-BF9A-1AF0-0B1D70CB43BA}.Release|Any CPU.Build.0 = Release|Any CPU
		{C1B1E6D3-D037-5833-6619-5B1B6E12DC8F}.Debug|Any CPU.ActiveCfg = Debug|Any CPU
		{C1B1E6D3-D037-5833-6619-5B1B6E12DC8F}.Debug|Any CPU.Build.0 = Debug|Any CPU
		{C1B1E6D3-D037-5833-6619-5B1B6E12DC8F}.Release|Any CPU.ActiveCfg = Release|Any CPU
		{C1B1E6D3-D037-5833-6619-5B1B6E12DC8F}.Release|Any CPU.Build.0 = Release|Any CPU
		{FCA1E917-570F-7ECF-51A2-9FA64F14145F}.Debug|Any CPU.ActiveCfg = Debug|Any CPU
		{FCA1E917-570F-7ECF-51A2-9FA64F14145F}.Debug|Any CPU.Build.0 = Debug|Any CPU
		{FCA1E917-570F-7ECF-51A2-9FA64F14145F}.Release|Any CPU.ActiveCfg = Release|Any CPU
		{FCA1E917-570F-7ECF-51A2-9FA64F14145F}.Release|Any CPU.Build.0 = Release|Any CPU
		{F52100FE-F250-0FD5-09E4-63C978E1BF4C}.Debug|Any CPU.ActiveCfg = Debug|Any CPU
		{F52100FE-F250-0FD5-09E4-63C978E1BF4C}.Debug|Any CPU.Build.0 = Debug|Any CPU
		{F52100FE-F250-0FD5-09E4-63C978E1BF4C}.Release|Any CPU.ActiveCfg = Release|Any CPU
		{F52100FE-F250-0FD5-09E4-63C978E1BF4C}.Release|Any CPU.Build.0 = Release|Any CPU
		{A90D96A3-59A9-B02D-9D96-23E61D011412}.Debug|Any CPU.ActiveCfg = Debug|Any CPU
		{A90D96A3-59A9-B02D-9D96-23E61D011412}.Debug|Any CPU.Build.0 = Debug|Any CPU
		{A90D96A3-59A9-B02D-9D96-23E61D011412}.Release|Any CPU.ActiveCfg = Release|Any CPU
		{A90D96A3-59A9-B02D-9D96-23E61D011412}.Release|Any CPU.Build.0 = Release|Any CPU
		{D6503FE3-6CFE-6D47-9E7F-517055F53F12}.Debug|Any CPU.ActiveCfg = Debug|Any CPU
		{D6503FE3-6CFE-6D47-9E7F-517055F53F12}.Debug|Any CPU.Build.0 = Debug|Any CPU
		{D6503FE3-6CFE-6D47-9E7F-517055F53F12}.Release|Any CPU.ActiveCfg = Release|Any CPU
		{D6503FE3-6CFE-6D47-9E7F-517055F53F12}.Release|Any CPU.Build.0 = Release|Any CPU
		{126686FA-2538-91D7-4B6E-33EAB09373C9}.Debug|Any CPU.ActiveCfg = Debug|Any CPU
		{126686FA-2538-91D7-4B6E-33EAB09373C9}.Debug|Any CPU.Build.0 = Debug|Any CPU
		{126686FA-2538-91D7-4B6E-33EAB09373C9}.Release|Any CPU.ActiveCfg = Release|Any CPU
		{126686FA-2538-91D7-4B6E-33EAB09373C9}.Release|Any CPU.Build.0 = Release|Any CPU
		{0CFF84E8-1468-968C-BB8F-EEE32DADC0FB}.Debug|Any CPU.ActiveCfg = Debug|Any CPU
		{0CFF84E8-1468-968C-BB8F-EEE32DADC0FB}.Debug|Any CPU.Build.0 = Debug|Any CPU
		{0CFF84E8-1468-968C-BB8F-EEE32DADC0FB}.Release|Any CPU.ActiveCfg = Release|Any CPU
		{0CFF84E8-1468-968C-BB8F-EEE32DADC0FB}.Release|Any CPU.Build.0 = Release|Any CPU
		{A2F7B9E9-A482-4E07-DC45-A8E2C797CE21}.Debug|Any CPU.ActiveCfg = Debug|Any CPU
		{A2F7B9E9-A482-4E07-DC45-A8E2C797CE21}.Debug|Any CPU.Build.0 = Debug|Any CPU
		{A2F7B9E9-A482-4E07-DC45-A8E2C797CE21}.Release|Any CPU.ActiveCfg = Release|Any CPU
		{A2F7B9E9-A482-4E07-DC45-A8E2C797CE21}.Release|Any CPU.Build.0 = Release|Any CPU
		{6AE0AE27-1895-3A19-FE6B-7AD9132F221F}.Debug|Any CPU.ActiveCfg = Debug|Any CPU
		{6AE0AE27-1895-3A19-FE6B-7AD9132F221F}.Debug|Any CPU.Build.0 = Debug|Any CPU
		{6AE0AE27-1895-3A19-FE6B-7AD9132F221F}.Release|Any CPU.ActiveCfg = Release|Any CPU
		{6AE0AE27-1895-3A19-FE6B-7AD9132F221F}.Release|Any CPU.Build.0 = Release|Any CPU
		{D5943EA9-B1A3-8976-C5A5-97D10B1CF9C2}.Debug|Any CPU.ActiveCfg = Debug|Any CPU
		{D5943EA9-B1A3-8976-C5A5-97D10B1CF9C2}.Debug|Any CPU.Build.0 = Debug|Any CPU
		{D5943EA9-B1A3-8976-C5A5-97D10B1CF9C2}.Release|Any CPU.ActiveCfg = Release|Any CPU
		{D5943EA9-B1A3-8976-C5A5-97D10B1CF9C2}.Release|Any CPU.Build.0 = Release|Any CPU
		{BCE97DC4-0B4F-D275-E74B-232619034A30}.Debug|Any CPU.ActiveCfg = Debug|Any CPU
		{BCE97DC4-0B4F-D275-E74B-232619034A30}.Debug|Any CPU.Build.0 = Debug|Any CPU
		{BCE97DC4-0B4F-D275-E74B-232619034A30}.Release|Any CPU.ActiveCfg = Release|Any CPU
		{BCE97DC4-0B4F-D275-E74B-232619034A30}.Release|Any CPU.Build.0 = Release|Any CPU
	EndGlobalSection
	GlobalSection(SolutionProperties) = preSolution
		HideSolutionNode = FALSE
	EndGlobalSection
EndGlobal
